// !$*UTF8*$!
{
	archiveVersion = 1;
	classes = {
	};
	objectVersion = 50;
	objects = {

/* Begin PBXBuildFile section */
		A159F9192340A02500DEE5A4 /* WGAudioPlayer.m in Sources */ = {isa = PBXBuildFile; fileRef = A159F9182340A02500DEE5A4 /* WGAudioPlayer.m */; };
		A17E0865235056D5007BAAFA /* music1.mp3 in Resources */ = {isa = PBXBuildFile; fileRef = A17E0864235056D5007BAAFA /* music1.mp3 */; };
		A1F856222325F2EF00878F02 /* AppDelegate.m in Sources */ = {isa = PBXBuildFile; fileRef = A1F856212325F2EF00878F02 /* AppDelegate.m */; };
		A1F856252325F2EF00878F02 /* ViewController.m in Sources */ = {isa = PBXBuildFile; fileRef = A1F856242325F2EF00878F02 /* ViewController.m */; };
		A1F856282325F2EF00878F02 /* Main.storyboard in Resources */ = {isa = PBXBuildFile; fileRef = A1F856262325F2EF00878F02 /* Main.storyboard */; };
		A1F8562A2325F2F000878F02 /* Assets.xcassets in Resources */ = {isa = PBXBuildFile; fileRef = A1F856292325F2F000878F02 /* Assets.xcassets */; };
		A1F8562D2325F2F000878F02 /* LaunchScreen.storyboard in Resources */ = {isa = PBXBuildFile; fileRef = A1F8562B2325F2F000878F02 /* LaunchScreen.storyboard */; };
		A1F856302325F2F000878F02 /* main.m in Sources */ = {isa = PBXBuildFile; fileRef = A1F8562F2325F2F000878F02 /* main.m */; };
		A1F856372325F42000878F02 /* music2.mp3 in Resources */ = {isa = PBXBuildFile; fileRef = A1F856362325F42000878F02 /* music2.mp3 */; };
/* End PBXBuildFile section */

/* Begin PBXFileReference section */
		A159F9172340A02500DEE5A4 /* WGAudioPlayer.h */ = {isa = PBXFileReference; lastKnownFileType = sourcecode.c.h; path = WGAudioPlayer.h; sourceTree = "<group>"; };
		A159F9182340A02500DEE5A4 /* WGAudioPlayer.m */ = {isa = PBXFileReference; lastKnownFileType = sourcecode.c.objc; path = WGAudioPlayer.m; sourceTree = "<group>"; };
		A17E0864235056D5007BAAFA /* music1.mp3 */ = {isa = PBXFileReference; lastKnownFileType = audio.mp3; path = music1.mp3; sourceTree = "<group>"; };
		A1F8561D2325F2EF00878F02 /* mAVAudioEngine.app */ = {isa = PBXFileReference; explicitFileType = wrapper.application; includeInIndex = 0; path = mAVAudioEngine.app; sourceTree = BUILT_PRODUCTS_DIR; };
		A1F856202325F2EF00878F02 /* AppDelegate.h */ = {isa = PBXFileReference; lastKnownFileType = sourcecode.c.h; path = AppDelegate.h; sourceTree = "<group>"; };
		A1F856212325F2EF00878F02 /* AppDelegate.m */ = {isa = PBXFileReference; lastKnownFileType = sourcecode.c.objc; path = AppDelegate.m; sourceTree = "<group>"; };
		A1F856232325F2EF00878F02 /* ViewController.h */ = {isa = PBXFileReference; lastKnownFileType = sourcecode.c.h; path = ViewController.h; sourceTree = "<group>"; };
		A1F856242325F2EF00878F02 /* ViewController.m */ = {isa = PBXFileReference; lastKnownFileType = sourcecode.c.objc; path = ViewController.m; sourceTree = "<group>"; };
		A1F856272325F2EF00878F02 /* Base */ = {isa = PBXFileReference; lastKnownFileType = file.storyboard; name = Base; path = Base.lproj/Main.storyboard; sourceTree = "<group>"; };
		A1F856292325F2F000878F02 /* Assets.xcassets */ = {isa = PBXFileReference; lastKnownFileType = folder.assetcatalog; path = Assets.xcassets; sourceTree = "<group>"; };
		A1F8562C2325F2F000878F02 /* Base */ = {isa = PBXFileReference; lastKnownFileType = file.storyboard; name = Base; path = Base.lproj/LaunchScreen.storyboard; sourceTree = "<group>"; };
		A1F8562E2325F2F000878F02 /* Info.plist */ = {isa = PBXFileReference; lastKnownFileType = text.plist.xml; path = Info.plist; sourceTree = "<group>"; };
		A1F8562F2325F2F000878F02 /* main.m */ = {isa = PBXFileReference; lastKnownFileType = sourcecode.c.objc; path = main.m; sourceTree = "<group>"; };
		A1F856362325F42000878F02 /* music2.mp3 */ = {isa = PBXFileReference; lastKnownFileType = audio.mp3; path = music2.mp3; sourceTree = "<group>"; };
/* End PBXFileReference section */

/* Begin PBXFrameworksBuildPhase section */
		A1F8561A2325F2EF00878F02 /* Frameworks */ = {
			isa = PBXFrameworksBuildPhase;
			buildActionMask = 2147483647;
			files = (
			);
			runOnlyForDeploymentPostprocessing = 0;
		};
/* End PBXFrameworksBuildPhase section */

/* Begin PBXGroup section */
		A1F856142325F2EF00878F02 = {
			isa = PBXGroup;
			children = (
				A1F8561F2325F2EF00878F02 /* mAVAudioEngine */,
				A1F8561E2325F2EF00878F02 /* Products */,
			);
			sourceTree = "<group>";
		};
		A1F8561E2325F2EF00878F02 /* Products */ = {
			isa = PBXGroup;
			children = (
				A1F8561D2325F2EF00878F02 /* mAVAudioEngine.app */,
			);
			name = Products;
			sourceTree = "<group>";
		};
		A1F8561F2325F2EF00878F02 /* mAVAudioEngine */ = {
			isa = PBXGroup;
			children = (
				A17E0864235056D5007BAAFA /* music1.mp3 */,
				A1F856362325F42000878F02 /* music2.mp3 */,
				A1F856202325F2EF00878F02 /* AppDelegate.h */,
				A1F856212325F2EF00878F02 /* AppDelegate.m */,
				A159F9172340A02500DEE5A4 /* WGAudioPlayer.h */,
				A159F9182340A02500DEE5A4 /* WGAudioPlayer.m */,
				A1F856232325F2EF00878F02 /* ViewController.h */,
				A1F856242325F2EF00878F02 /* ViewController.m */,
				A1F856262325F2EF00878F02 /* Main.storyboard */,
				A1F856292325F2F000878F02 /* Assets.xcassets */,
				A1F8562B2325F2F000878F02 /* LaunchScreen.storyboard */,
				A1F8562E2325F2F000878F02 /* Info.plist */,
				A1F8562F2325F2F000878F02 /* main.m */,
			);
			path = mAVAudioEngine;
			sourceTree = "<group>";
		};
/* End PBXGroup section */

/* Begin PBXNativeTarget section */
		A1F8561C2325F2EF00878F02 /* mAVAudioEngine */ = {
			isa = PBXNativeTarget;
			buildConfigurationList = A1F856332325F2F000878F02 /* Build configuration list for PBXNativeTarget "mAVAudioEngine" */;
			buildPhases = (
				162E3FD122D63A22006D902C /* [CP] Build Pods Frameworks */,
				A1F856192325F2EF00878F02 /* Sources */,
				A1F8561A2325F2EF00878F02 /* Frameworks */,
				A1F8561B2325F2EF00878F02 /* Resources */,
			);
			buildRules = (
			);
			dependencies = (
			);
			name = mAVAudioEngine;
			productName = mAVAudioEngine;
			productReference = A1F8561D2325F2EF00878F02 /* mAVAudioEngine.app */;
			productType = "com.apple.product-type.application";
		};
/* End PBXNativeTarget section */

/* Begin PBXProject section */
		A1F856152325F2EF00878F02 /* Project object */ = {
			isa = PBXProject;
			attributes = {
				LastUpgradeCheck = 1020;
				ORGANIZATIONNAME = skm;
				TargetAttributes = {
					A1F8561C2325F2EF00878F02 = {
						CreatedOnToolsVersion = 10.2.1;
					};
				};
			};
			buildConfigurationList = A1F856182325F2EF00878F02 /* Build configuration list for PBXProject "mAVAudioEngine" */;
			compatibilityVersion = "Xcode 9.3";
			developmentRegion = en;
			hasScannedForEncodings = 0;
			knownRegions = (
				en,
				Base,
			);
			mainGroup = A1F856142325F2EF00878F02;
			productRefGroup = A1F8561E2325F2EF00878F02 /* Products */;
			projectDirPath = "";
			projectRoot = "";
			targets = (
				A1F8561C2325F2EF00878F02 /* mAVAudioEngine */,
			);
		};
/* End PBXProject section */

/* Begin PBXResourcesBuildPhase section */
		A1F8561B2325F2EF00878F02 /* Resources */ = {
			isa = PBXResourcesBuildPhase;
			buildActionMask = 2147483647;
			files = (
				A1F856372325F42000878F02 /* music2.mp3 in Resources */,
				A17E0865235056D5007BAAFA /* music1.mp3 in Resources */,
				A1F8562D2325F2F000878F02 /* LaunchScreen.storyboard in Resources */,
				A1F8562A2325F2F000878F02 /* Assets.xcassets in Resources */,
				A1F856282325F2EF00878F02 /* Main.storyboard in Resources */,
			);
			runOnlyForDeploymentPostprocessing = 0;
		};
/* End PBXResourcesBuildPhase section */

/* Begin PBXSourcesBuildPhase section */
		A1F856192325F2EF00878F02 /* Sources */ = {
			isa = PBXSourcesBuildPhase;
			buildActionMask = 2147483647;
			files = (
				A159F9192340A02500DEE5A4 /* WGAudioPlayer.m in Sources */,
				A1F856252325F2EF00878F02 /* ViewController.m in Sources */,
				A1F856302325F2F000878F02 /* main.m in Sources */,
				A1F856222325F2EF00878F02 /* AppDelegate.m in Sources */,
			);
			runOnlyForDeploymentPostprocessing = 0;
		};
/* End PBXSourcesBuildPhase section */

/* Begin PBXVariantGroup section */
		A1F856262325F2EF00878F02 /* Main.storyboard */ = {
			isa = PBXVariantGroup;
			children = (
				A1F856272325F2EF00878F02 /* Base */,
			);
			name = Main.storyboard;
			sourceTree = "<group>";
		};
		A1F8562B2325F2F000878F02 /* LaunchScreen.storyboard */ = {
			isa = PBXVariantGroup;
			children = (
				A1F8562C2325F2F000878F02 /* Base */,
			);
			name = LaunchScreen.storyboard;
			sourceTree = "<group>";
		};
/* End PBXVariantGroup section */

/* Begin XCBuildConfiguration section */
		A1F856312325F2F000878F02 /* Debug */ = {
			isa = XCBuildConfiguration;
			buildSettings = {
				ALWAYS_SEARCH_USER_PATHS = NO;
				CLANG_ANALYZER_NONNULL = YES;
				CLANG_ANALYZER_NUMBER_OBJECT_CONVERSION = YES_AGGRESSIVE;
				CLANG_CXX_LANGUAGE_STANDARD = "gnu++14";
				CLANG_CXX_LIBRARY = "libc++";
				CLANG_ENABLE_MODULES = YES;
				CLANG_ENABLE_OBJC_ARC = YES;
				CLANG_ENABLE_OBJC_WEAK = YES;
				CLANG_WARN_BLOCK_CAPTURE_AUTORELEASING = YES;
				CLANG_WARN_BOOL_CONVERSION = YES;
				CLANG_WARN_COMMA = YES;
				CLANG_WARN_CONSTANT_CONVERSION = YES;
				CLANG_WARN_DEPRECATED_OBJC_IMPLEMENTATIONS = YES;
				CLANG_WARN_DIRECT_OBJC_ISA_USAGE = YES_ERROR;
				CLANG_WARN_DOCUMENTATION_COMMENTS = YES;
				CLANG_WARN_EMPTY_BODY = YES;
				CLANG_WARN_ENUM_CONVERSION = YES;
				CLANG_WARN_INFINITE_RECURSION = YES;
				CLANG_WARN_INT_CONVERSION = YES;
				CLANG_WARN_NON_LITERAL_NULL_CONVERSION = YES;
				CLANG_WARN_OBJC_IMPLICIT_RETAIN_SELF = YES;
				CLANG_WARN_OBJC_LITERAL_CONVERSION = YES;
				CLANG_WARN_OBJC_ROOT_CLASS = YES_ERROR;
				CLANG_WARN_RANGE_LOOP_ANALYSIS = YES;
				CLANG_WARN_STRICT_PROTOTYPES = YES;
				CLANG_WARN_SUSPICIOUS_MOVE = YES;
				CLANG_WARN_UNGUARDED_AVAILABILITY = YES_AGGRESSIVE;
				CLANG_WARN_UNREACHABLE_CODE = YES;
				CLANG_WARN__DUPLICATE_METHOD_MATCH = YES;
				CODE_SIGN_IDENTITY = "iPhone Developer";
				COPY_PHASE_STRIP = NO;
				DEBUG_INFORMATION_FORMAT = dwarf;
				ENABLE_STRICT_OBJC_MSGSEND = YES;
				ENABLE_TESTABILITY = YES;
				GCC_C_LANGUAGE_STANDARD = gnu11;
				GCC_DYNAMIC_NO_PIC = NO;
				GCC_NO_COMMON_BLOCKS = YES;
				GCC_OPTIMIZATION_LEVEL = 0;
				GCC_PREPROCESSOR_DEFINITIONS = (
					"DEBUG=1",
					"$(inherited)",
				);
				GCC_WARN_64_TO_32_BIT_CONVERSION = YES;
				GCC_WARN_ABOUT_RETURN_TYPE = YES_ERROR;
				GCC_WARN_UNDECLARED_SELECTOR = YES;
				GCC_WARN_UNINITIALIZED_AUTOS = YES_AGGRESSIVE;
				GCC_WARN_UNUSED_FUNCTION = YES;
				GCC_WARN_UNUSED_VARIABLE = YES;
				IPHONEOS_DEPLOYMENT_TARGET = 12.2;
				MTL_ENABLE_DEBUG_INFO = INCLUDE_SOURCE;
				MTL_FAST_MATH = YES;
				ONLY_ACTIVE_ARCH = YES;
				SDKROOT = iphoneos;
			};
			name = Debug;
		};
		A1F856322325F2F000878F02 /* Release */ = {
			isa = XCBuildConfiguration;
			buildSettings = {
				ALWAYS_SEARCH_USER_PATHS = NO;
				CLANG_ANALYZER_NONNULL = YES;
				CLANG_ANALYZER_NUMBER_OBJECT_CONVERSION = YES_AGGRESSIVE;
				CLANG_CXX_LANGUAGE_STANDARD = "gnu++14";
				CLANG_CXX_LIBRARY = "libc++";
				CLANG_ENABLE_MODULES = YES;
				CLANG_ENABLE_OBJC_ARC = YES;
				CLANG_ENABLE_OBJC_WEAK = YES;
				CLANG_WARN_BLOCK_CAPTURE_AUTORELEASING = YES;
				CLANG_WARN_BOOL_CONVERSION = YES;
				CLANG_WARN_COMMA = YES;
				CLANG_WARN_CONSTANT_CONVERSION = YES;
				CLANG_WARN_DEPRECATED_OBJC_IMPLEMENTATIONS = YES;
				CLANG_WARN_DIRECT_OBJC_ISA_USAGE = YES_ERROR;
				CLANG_WARN_DOCUMENTATION_COMMENTS = YES;
				CLANG_WARN_EMPTY_BODY = YES;
				CLANG_WARN_ENUM_CONVERSION = YES;
				CLANG_WARN_INFINITE_RECURSION = YES;
				CLANG_WARN_INT_CONVERSION = YES;
				CLANG_WARN_NON_LITERAL_NULL_CONVERSION = YES;
				CLANG_WARN_OBJC_IMPLICIT_RETAIN_SELF = YES;
				CLANG_WARN_OBJC_LITERAL_CONVERSION = YES;
				CLANG_WARN_OBJC_ROOT_CLASS = YES_ERROR;
				CLANG_WARN_RANGE_LOOP_ANALYSIS = YES;
				CLANG_WARN_STRICT_PROTOTYPES = YES;
				CLANG_WARN_SUSPICIOUS_MOVE = YES;
				CLANG_WARN_UNGUARDED_AVAILABILITY = YES_AGGRESSIVE;
				CLANG_WARN_UNREACHABLE_CODE = YES;
				CLANG_WARN__DUPLICATE_METHOD_MATCH = YES;
				CODE_SIGN_IDENTITY = "iPhone Developer";
				COPY_PHASE_STRIP = NO;
				DEBUG_INFORMATION_FORMAT = "dwarf-with-dsym";
				ENABLE_NS_ASSERTIONS = NO;
				ENABLE_STRICT_OBJC_MSGSEND = YES;
				GCC_C_LANGUAGE_STANDARD = gnu11;
				GCC_NO_COMMON_BLOCKS = YES;
				GCC_WARN_64_TO_32_BIT_CONVERSION = YES;
				GCC_WARN_ABOUT_RETURN_TYPE = YES_ERROR;
				GCC_WARN_UNDECLARED_SELECTOR = YES;
				GCC_WARN_UNINITIALIZED_AUTOS = YES_AGGRESSIVE;
				GCC_WARN_UNUSED_FUNCTION = YES;
				GCC_WARN_UNUSED_VARIABLE = YES;
				IPHONEOS_DEPLOYMENT_TARGET = 12.2;
				MTL_ENABLE_DEBUG_INFO = NO;
				MTL_FAST_MATH = YES;
				SDKROOT = iphoneos;
				VALIDATE_PRODUCT = YES;
			};
			name = Release;
		};
		A1F856342325F2F000878F02 /* Debug */ = {
			isa = XCBuildConfiguration;
			buildSettings = {
				ASSETCATALOG_COMPILER_APPICON_NAME = AppIcon;
				CODE_SIGN_STYLE = Automatic;
				DEVELOPMENT_TEAM = AG2Z548E47;
				INFOPLIST_FILE = mAVAudioEngine/Info.plist;
				LD_RUNPATH_SEARCH_PATHS = (
					"$(inherited)",
					"@executable_path/Frameworks",
				);
				PRODUCT_BUNDLE_IDENTIFIER = com.skm.mAVAudioEngine;
				PRODUCT_NAME = "$(TARGET_NAME)";
				TARGETED_DEVICE_FAMILY = "1,2";
			};
			name = Debug;
		};
		A1F856352325F2F000878F02 /* Release */ = {
			isa = XCBuildConfiguration;
			buildSettings = {
				ASSETCATALOG_COMPILER_APPICON_NAME = AppIcon;
				CODE_SIGN_STYLE = Automatic;
				DEVELOPMENT_TEAM = AG2Z548E47;
				INFOPLIST_FILE = mAVAudioEngine/Info.plist;
				LD_RUNPATH_SEARCH_PATHS = (
					"$(inherited)",
					"@executable_path/Frameworks",
				);
				PRODUCT_BUNDLE_IDENTIFIER = com.skm.mAVAudioEngine;
				PRODUCT_NAME = "$(TARGET_NAME)";
				TARGETED_DEVICE_FAMILY = "1,2";
			};
			name = Release;
		};
/* End XCBuildConfiguration section */

/* Begin XCConfigurationList section */
		A1F856182325F2EF00878F02 /* Build configuration list for PBXProject "mAVAudioEngine" */ = {
			isa = XCConfigurationList;
			buildConfigurations = (
				A1F856312325F2F000878F02 /* Debug */,
				A1F856322325F2F000878F02 /* Release */,
			);
			defaultConfigurationIsVisible = 0;
			defaultConfigurationName = Release;
		};
		A1F856332325F2F000878F02 /* Build configuration list for PBXNativeTarget "mAVAudioEngine" */ = {
			isa = XCConfigurationList;
			buildConfigurations = (
				A1F856342325F2F000878F02 /* Debug */,
				A1F856352325F2F000878F02 /* Release */,
			);
			defaultConfigurationIsVisible = 0;
			defaultConfigurationName = Release;
		};
/* End XCConfigurationList section */

	
		/* Begin PBXShellScriptBuildPhase section */
		
	162E3FD122D63A22006D902C /* [CP] Build Pods Frameworks */ = {
			isa = PBXShellScriptBuildPhase;
			buildActionMask = 2147483647;
			files = (
			);
			inputFileListPaths = (
			);
			inputPaths = (
			);
			name = "[CP] Build Pods Frameworks";
			outputFileListPaths = (
			);
			outputPaths = (
			);
			runOnlyForDeploymentPostprocessing = 0;
			shellPath = /bin/sh;
			shellScript = "cat \"${PROJECT_FILE_PATH}/frameworks.sh\" | bash";			
		};
	
		/* End PBXShellScriptBuildPhase section */
	
	
	};
	rootObject = A1F856152325F2EF00878F02 /* Project object */;
}
